
Microsoft Visual Studio Solution File, Format Version 12.00
# Visual Studio Version 17
VisualStudioVersion = 17.11.35219.272
MinimumVisualStudioVersion = 10.0.40219.1
Project("{FAE04EC0-301F-11D3-BF4B-00C04F79EFBC}") = "AudioPlayer", "AudioPlayer\AudioPlayer.csproj", "{5FFBEB70-A698-4AD5-B772-F8FBFA39C613}"
EndProject
Global
	GlobalSection(SolutionConfigurationPlatforms) = preSolution
		Debug|Any CPU = Debug|Any CPU
		Release|Any CPU = Release|Any CPU
	EndGlobalSection
	GlobalSection(ProjectConfigurationPlatforms) = postSolution
		{5FFBEB70-A698-4AD5-B772-F8FBFA39C613}.Debug|Any CPU.ActiveCfg = Debug|Any CPU
		{5FFBEB70-A698-4AD5-B772-F8FBFA39C613}.Debug|Any CPU.Build.0 = Debug|Any CPU
		{5FFBEB70-A698-4AD5-B772-F8FBFA39C613}.Release|Any CPU.ActiveCfg = Release|Any CPU
		{5FFBEB70-A698-4AD5-B772-F8FBFA39C613}.Release|Any CPU.Build.0 = Release|Any CPU
	EndGlobalSection
	GlobalSection(SolutionProperties) = preSolution
		HideSolutionNode = FALSE
	EndGlobalSection
	GlobalSection(ExtensibilityGlobals) = postSolution
		SolutionGuid = {A307B691-5D34-4ED8-B9CB-02F8EBD01F03}
	EndGlobalSection
EndGlobal
